
Microsoft Visual Studio Solution File, Format Version 12.00
# Visual Studio Version 16
VisualStudioVersion = 16.0.30104.148
MinimumVisualStudioVersion = 10.0.40219.1
Project("{FAE04EC0-301F-11D3-BF4B-00C04F79EFBC}") = "LiveRacersManager", "LiveRacersManager\LiveRacersManager.csproj", "{974F094F-2BC2-45F8-A931-5D1E281F931C}"
EndProject
Global
	GlobalSection(SolutionConfigurationPlatforms) = preSolution
		Debug|Any CPU = Debug|Any CPU
		Release|Any CPU = Release|Any CPU
	EndGlobalSection
	GlobalSection(ProjectConfigurationPlatforms) = postSolution
		{974F094F-2BC2-45F8-A931-5D1E281F931C}.Debug|Any CPU.ActiveCfg = Debug|Any CPU
		{974F094F-2BC2-45F8-A931-5D1E281F931C}.Debug|Any CPU.Build.0 = Debug|Any CPU
		{974F094F-2BC2-45F8-A931-5D1E281F931C}.Release|Any CPU.ActiveCfg = Release|Any CPU
		{974F094F-2BC2-45F8-A931-5D1E281F931C}.Release|Any CPU.Build.0 = Release|Any CPU
	EndGlobalSection
	GlobalSection(SolutionProperties) = preSolution
		HideSolutionNode = FALSE
	EndGlobalSection
	GlobalSection(ExtensibilityGlobals) = postSolution
		SolutionGuid = {D1539AAF-C6CE-4B27-860E-7F1B1E2CF268}
	EndGlobalSection
EndGlobal
